
Microsoft Visual Studio Solution File, Format Version 12.00
# Visual Studio 14
VisualStudioVersion = 14.0.25420.1
MinimumVisualStudioVersion = 10.0.40219.1
Project("{FAE04EC0-301F-11D3-BF4B-00C04F79EFBC}") = "InfinityStore.Web", "InfinityStore.Web\InfinityStore.Web.csproj", "{70E54F09-0006-42ED-BCCB-E97B3B504BCC}"
EndProject
Project("{FAE04EC0-301F-11D3-BF4B-00C04F79EFBC}") = "InfinityStore.WebAdmin", "InfinityStore.WebAdmin\InfinityStore.WebAdmin.csproj", "{650B38A6-60CF-491A-832D-DEC2DDC0BD55}"
EndProject
Project("{FAE04EC0-301F-11D3-BF4B-00C04F79EFBC}") = "InfinityStore.Win", "InfinityStore.Win\InfinityStore.Win.csproj", "{83F19DB6-6DFF-47E5-801D-1C5601F5906E}"
EndProject
Project("{FAE04EC0-301F-11D3-BF4B-00C04F79EFBC}") = "InfinityStore.BL", "InfinityStore.BL\InfinityStore.BL.csproj", "{C75A23A9-D1B3-43BE-B3BB-7CC480EDB815}"
EndProject
Global
	GlobalSection(SolutionConfigurationPlatforms) = preSolution
		Debug|Any CPU = Debug|Any CPU
		Release|Any CPU = Release|Any CPU
	EndGlobalSection
	GlobalSection(ProjectConfigurationPlatforms) = postSolution
		{70E54F09-0006-42ED-BCCB-E97B3B504BCC}.Debug|Any CPU.ActiveCfg = Debug|Any CPU
		{70E54F09-0006-42ED-BCCB-E97B3B504BCC}.Debug|Any CPU.Build.0 = Debug|Any CPU
		{70E54F09-0006-42ED-BCCB-E97B3B504BCC}.Release|Any CPU.ActiveCfg = Release|Any CPU
		{70E54F09-0006-42ED-BCCB-E97B3B504BCC}.Release|Any CPU.Build.0 = Release|Any CPU
		{650B38A6-60CF-491A-832D-DEC2DDC0BD55}.Debug|Any CPU.ActiveCfg = Debug|Any CPU
		{650B38A6-60CF-491A-832D-DEC2DDC0BD55}.Debug|Any CPU.Build.0 = Debug|Any CPU
		{650B38A6-60CF-491A-832D-DEC2DDC0BD55}.Release|Any CPU.ActiveCfg = Release|Any CPU
		{650B38A6-60CF-491A-832D-DEC2DDC0BD55}.Release|Any CPU.Build.0 = Release|Any CPU
		{83F19DB6-6DFF-47E5-801D-1C5601F5906E}.Debug|Any CPU.ActiveCfg = Debug|Any CPU
		{83F19DB6-6DFF-47E5-801D-1C5601F5906E}.Debug|Any CPU.Build.0 = Debug|Any CPU
		{83F19DB6-6DFF-47E5-801D-1C5601F5906E}.Release|Any CPU.ActiveCfg = Release|Any CPU
		{83F19DB6-6DFF-47E5-801D-1C5601F5906E}.Release|Any CPU.Build.0 = Release|Any CPU
		{C75A23A9-D1B3-43BE-B3BB-7CC480EDB815}.Debug|Any CPU.ActiveCfg = Debug|Any CPU
		{C75A23A9-D1B3-43BE-B3BB-7CC480EDB815}.Debug|Any CPU.Build.0 = Debug|Any CPU
		{C75A23A9-D1B3-43BE-B3BB-7CC480EDB815}.Release|Any CPU.ActiveCfg = Release|Any CPU
		{C75A23A9-D1B3-43BE-B3BB-7CC480EDB815}.Release|Any CPU.Build.0 = Release|Any CPU
	EndGlobalSection
	GlobalSection(SolutionProperties) = preSolution
		HideSolutionNode = FALSE
	EndGlobalSection
EndGlobal
